
Microsoft Visual Studio Solution File, Format Version 12.00
# Visual Studio Version 17
VisualStudioVersion = 17.5.002.0
MinimumVisualStudioVersion = 10.0.40219.1
Project("{9A19103F-16F7-4668-BE54-9A1E7A4F7556}") = "Gamecharacters", "Gamecharacters.csproj", "{205E6C63-09F1-4A85-A9F8-E4766B5586B1}"
EndProject
Global
	GlobalSection(SolutionConfigurationPlatforms) = preSolution
		Debug|Any CPU = Debug|Any CPU
		Release|Any CPU = Release|Any CPU
	EndGlobalSection
	GlobalSection(ProjectConfigurationPlatforms) = postSolution
		{205E6C63-09F1-4A85-A9F8-E4766B5586B1}.Debug|Any CPU.ActiveCfg = Debug|Any CPU
		{205E6C63-09F1-4A85-A9F8-E4766B5586B1}.Debug|Any CPU.Build.0 = Debug|Any CPU
		{205E6C63-09F1-4A85-A9F8-E4766B5586B1}.Release|Any CPU.ActiveCfg = Release|Any CPU
		{205E6C63-09F1-4A85-A9F8-E4766B5586B1}.Release|Any CPU.Build.0 = Release|Any CPU
	EndGlobalSection
	GlobalSection(SolutionProperties) = preSolution
		HideSolutionNode = FALSE
	EndGlobalSection
	GlobalSection(ExtensibilityGlobals) = postSolution
		SolutionGuid = {29F4ABB7-AD48-46A6-9218-C60D2B6CC8EC}
	EndGlobalSection
EndGlobal
